
Microsoft Visual Studio Solution File, Format Version 12.00
# Visual Studio Version 17
VisualStudioVersion = 17.4.33213.308
MinimumVisualStudioVersion = 10.0.40219.1
Project("{9A19103F-16F7-4668-BE54-9A1E7A4F7556}") = "Wavefront.Tests", "Wavefront.Tests\Wavefront.Tests.csproj", "{17EBBE07-C798-40EE-8954-E32310F45D35}"
EndProject
Project("{2150E333-8FDC-42A3-9474-1A3956D46DE8}") = "Solution Items", "Solution Items", "{49B2D265-B697-4EF2-9A25-7C907C481DF0}"
	ProjectSection(SolutionItems) = preProject
		Readme.md = Readme.md
	EndProjectSection
EndProject
Project("{FAE04EC0-301F-11D3-BF4B-00C04F79EFBC}") = "Wavefront", "Wavefront\Wavefront.csproj", "{90F5680B-137B-4D8C-BEDF-F155B576D1ED}"
EndProject
Global
	GlobalSection(SolutionConfigurationPlatforms) = preSolution
		Debug|Any CPU = Debug|Any CPU
		Release|Any CPU = Release|Any CPU
	EndGlobalSection
	GlobalSection(ProjectConfigurationPlatforms) = postSolution
		{17EBBE07-C798-40EE-8954-E32310F45D35}.Debug|Any CPU.ActiveCfg = Debug|Any CPU
		{17EBBE07-C798-40EE-8954-E32310F45D35}.Debug|Any CPU.Build.0 = Debug|Any CPU
		{17EBBE07-C798-40EE-8954-E32310F45D35}.Release|Any CPU.ActiveCfg = Release|Any CPU
		{17EBBE07-C798-40EE-8954-E32310F45D35}.Release|Any CPU.Build.0 = Release|Any CPU
		{90F5680B-137B-4D8C-BEDF-F155B576D1ED}.Debug|Any CPU.ActiveCfg = Debug|Any CPU
		{90F5680B-137B-4D8C-BEDF-F155B576D1ED}.Debug|Any CPU.Build.0 = Debug|Any CPU
		{90F5680B-137B-4D8C-BEDF-F155B576D1ED}.Release|Any CPU.ActiveCfg = Release|Any CPU
		{90F5680B-137B-4D8C-BEDF-F155B576D1ED}.Release|Any CPU.Build.0 = Release|Any CPU
	EndGlobalSection
	GlobalSection(SolutionProperties) = preSolution
		HideSolutionNode = FALSE
	EndGlobalSection
	GlobalSection(ExtensibilityGlobals) = postSolution
		SolutionGuid = {4963DFF2-11A7-4E3E-B4E7-267FA2F37C19}
	EndGlobalSection
EndGlobal
